
Microsoft Visual Studio Solution File, Format Version 12.00
# Visual Studio 15
VisualStudioVersion = 15.0.27004.2006
MinimumVisualStudioVersion = 10.0.40219.1
Project("{FAE04EC0-301F-11D3-BF4B-00C04F79EFBC}") = "McBan", "McBan\McBan.csproj", "{7AC72ADD-401B-46A9-9E71-80E0B22CA33A}"
EndProject
Global
	GlobalSection(SolutionConfigurationPlatforms) = preSolution
		Debug|Any CPU = Debug|Any CPU
		Release|Any CPU = Release|Any CPU
	EndGlobalSection
	GlobalSection(ProjectConfigurationPlatforms) = postSolution
		{7AC72ADD-401B-46A9-9E71-80E0B22CA33A}.Debug|Any CPU.ActiveCfg = Debug|Any CPU
		{7AC72ADD-401B-46A9-9E71-80E0B22CA33A}.Debug|Any CPU.Build.0 = Debug|Any CPU
		{7AC72ADD-401B-46A9-9E71-80E0B22CA33A}.Release|Any CPU.ActiveCfg = Release|Any CPU
		{7AC72ADD-401B-46A9-9E71-80E0B22CA33A}.Release|Any CPU.Build.0 = Release|Any CPU
	EndGlobalSection
	GlobalSection(SolutionProperties) = preSolution
		HideSolutionNode = FALSE
	EndGlobalSection
	GlobalSection(ExtensibilityGlobals) = postSolution
		SolutionGuid = {5689D954-3D01-46D1-B4C1-A688AB8269EB}
	EndGlobalSection
EndGlobal
